
Microsoft Visual Studio Solution File, Format Version 12.00
# Visual Studio Version 16
VisualStudioVersion = 16.0.31702.278
MinimumVisualStudioVersion = 10.0.40219.1
Project("{FAE04EC0-301F-11D3-BF4B-00C04F79EFBC}") = "EMTracker", "EMTracker\EMTracker.csproj", "{D24382BB-55CE-4FF7-8EA0-D167F49205E2}"
EndProject
Global
	GlobalSection(SolutionConfigurationPlatforms) = preSolution
		Debug|Any CPU = Debug|Any CPU
		Release|Any CPU = Release|Any CPU
	EndGlobalSection
	GlobalSection(ProjectConfigurationPlatforms) = postSolution
		{D24382BB-55CE-4FF7-8EA0-D167F49205E2}.Debug|Any CPU.ActiveCfg = Debug|Any CPU
		{D24382BB-55CE-4FF7-8EA0-D167F49205E2}.Debug|Any CPU.Build.0 = Debug|Any CPU
		{D24382BB-55CE-4FF7-8EA0-D167F49205E2}.Release|Any CPU.ActiveCfg = Release|Any CPU
		{D24382BB-55CE-4FF7-8EA0-D167F49205E2}.Release|Any CPU.Build.0 = Release|Any CPU
	EndGlobalSection
	GlobalSection(SolutionProperties) = preSolution
		HideSolutionNode = FALSE
	EndGlobalSection
	GlobalSection(ExtensibilityGlobals) = postSolution
		SolutionGuid = {D874E5E8-02A8-4F7C-8BED-CF5AE88B9D49}
	EndGlobalSection
EndGlobal
